
Microsoft Visual Studio Solution File, Format Version 12.00
# Visual Studio Version 17
VisualStudioVersion = 17.7.34024.191
MinimumVisualStudioVersion = 10.0.40219.1
Project("{FAE04EC0-301F-11D3-BF4B-00C04F79EFBC}") = "01. Back To The Past", "01. Back To The Past\01. Back To The Past.csproj", "{7CCA5E6E-457F-491C-A188-9FEE86E19EB8}"
EndProject
Project("{FAE04EC0-301F-11D3-BF4B-00C04F79EFBC}") = "02.Hospital", "02.Hospital\02.Hospital.csproj", "{B33CBAB9-85F7-417D-83F3-72F5C46B923F}"
EndProject
Global
	GlobalSection(SolutionConfigurationPlatforms) = preSolution
		Debug|Any CPU = Debug|Any CPU
		Release|Any CPU = Release|Any CPU
	EndGlobalSection
	GlobalSection(ProjectConfigurationPlatforms) = postSolution
		{7CCA5E6E-457F-491C-A188-9FEE86E19EB8}.Debug|Any CPU.ActiveCfg = Debug|Any CPU
		{7CCA5E6E-457F-491C-A188-9FEE86E19EB8}.Debug|Any CPU.Build.0 = Debug|Any CPU
		{7CCA5E6E-457F-491C-A188-9FEE86E19EB8}.Release|Any CPU.ActiveCfg = Release|Any CPU
		{7CCA5E6E-457F-491C-A188-9FEE86E19EB8}.Release|Any CPU.Build.0 = Release|Any CPU
		{B33CBAB9-85F7-417D-83F3-72F5C46B923F}.Debug|Any CPU.ActiveCfg = Debug|Any CPU
		{B33CBAB9-85F7-417D-83F3-72F5C46B923F}.Debug|Any CPU.Build.0 = Debug|Any CPU
		{B33CBAB9-85F7-417D-83F3-72F5C46B923F}.Release|Any CPU.ActiveCfg = Release|Any CPU
		{B33CBAB9-85F7-417D-83F3-72F5C46B923F}.Release|Any CPU.Build.0 = Release|Any CPU
	EndGlobalSection
	GlobalSection(SolutionProperties) = preSolution
		HideSolutionNode = FALSE
	EndGlobalSection
	GlobalSection(ExtensibilityGlobals) = postSolution
		SolutionGuid = {518C4044-AE72-454A-A316-C84F19B8C469}
	EndGlobalSection
EndGlobal
